
Microsoft Visual Studio Solution File, Format Version 12.00
# Visual Studio 15
VisualStudioVersion = 15.0.26124.0
MinimumVisualStudioVersion = 15.0.26124.0
Project("{FAE04EC0-301F-11D3-BF4B-00C04F79EFBC}") = "QuickStart", "QuickStart\QuickStart.csproj", "{39F9BA4E-DFA6-4B86-91B6-130E1741F1D0}"
EndProject
Project("{FAE04EC0-301F-11D3-BF4B-00C04F79EFBC}") = "QuickStart.Tests", "QuickStart.Tests\QuickStart.Tests.csproj", "{4023D890-0A31-4C7D-8FD5-DDE9D756BE57}"
EndProject
Global
	GlobalSection(SolutionConfigurationPlatforms) = preSolution
		Debug|Any CPU = Debug|Any CPU
		Debug|x64 = Debug|x64
		Debug|x86 = Debug|x86
		Release|Any CPU = Release|Any CPU
		Release|x64 = Release|x64
		Release|x86 = Release|x86
	EndGlobalSection
	GlobalSection(SolutionProperties) = preSolution
		HideSolutionNode = FALSE
	EndGlobalSection
	GlobalSection(ProjectConfigurationPlatforms) = postSolution
		{39F9BA4E-DFA6-4B86-91B6-130E1741F1D0}.Debug|Any CPU.ActiveCfg = Debug|Any CPU
		{39F9BA4E-DFA6-4B86-91B6-130E1741F1D0}.Debug|Any CPU.Build.0 = Debug|Any CPU
		{39F9BA4E-DFA6-4B86-91B6-130E1741F1D0}.Debug|x64.ActiveCfg = Debug|Any CPU
		{39F9BA4E-DFA6-4B86-91B6-130E1741F1D0}.Debug|x64.Build.0 = Debug|Any CPU
		{39F9BA4E-DFA6-4B86-91B6-130E1741F1D0}.Debug|x86.ActiveCfg = Debug|Any CPU
		{39F9BA4E-DFA6-4B86-91B6-130E1741F1D0}.Debug|x86.Build.0 = Debug|Any CPU
		{39F9BA4E-DFA6-4B86-91B6-130E1741F1D0}.Release|Any CPU.ActiveCfg = Release|Any CPU
		{39F9BA4E-DFA6-4B86-91B6-130E1741F1D0}.Release|Any CPU.Build.0 = Release|Any CPU
		{39F9BA4E-DFA6-4B86-91B6-130E1741F1D0}.Release|x64.ActiveCfg = Release|Any CPU
		{39F9BA4E-DFA6-4B86-91B6-130E1741F1D0}.Release|x64.Build.0 = Release|Any CPU
		{39F9BA4E-DFA6-4B86-91B6-130E1741F1D0}.Release|x86.ActiveCfg = Release|Any CPU
		{39F9BA4E-DFA6-4B86-91B6-130E1741F1D0}.Release|x86.Build.0 = Release|Any CPU
		{4023D890-0A31-4C7D-8FD5-DDE9D756BE57}.Debug|Any CPU.ActiveCfg = Debug|Any CPU
		{4023D890-0A31-4C7D-8FD5-DDE9D756BE57}.Debug|Any CPU.Build.0 = Debug|Any CPU
		{4023D890-0A31-4C7D-8FD5-DDE9D756BE57}.Debug|x64.ActiveCfg = Debug|Any CPU
		{4023D890-0A31-4C7D-8FD5-DDE9D756BE57}.Debug|x64.Build.0 = Debug|Any CPU
		{4023D890-0A31-4C7D-8FD5-DDE9D756BE57}.Debug|x86.ActiveCfg = Debug|Any CPU
		{4023D890-0A31-4C7D-8FD5-DDE9D756BE57}.Debug|x86.Build.0 = Debug|Any CPU
		{4023D890-0A31-4C7D-8FD5-DDE9D756BE57}.Release|Any CPU.ActiveCfg = Release|Any CPU
		{4023D890-0A31-4C7D-8FD5-DDE9D756BE57}.Release|Any CPU.Build.0 = Release|Any CPU
		{4023D890-0A31-4C7D-8FD5-DDE9D756BE57}.Release|x64.ActiveCfg = Release|Any CPU
		{4023D890-0A31-4C7D-8FD5-DDE9D756BE57}.Release|x64.Build.0 = Release|Any CPU
		{4023D890-0A31-4C7D-8FD5-DDE9D756BE57}.Release|x86.ActiveCfg = Release|Any CPU
		{4023D890-0A31-4C7D-8FD5-DDE9D756BE57}.Release|x86.Build.0 = Release|Any CPU
	EndGlobalSection
EndGlobal
