
Microsoft Visual Studio Solution File, Format Version 12.00
# Visual Studio Version 16
VisualStudioVersion = 16.0.30011.22
MinimumVisualStudioVersion = 10.0.40219.1
Project("{FAE04EC0-301F-11D3-BF4B-00C04F79EFBC}") = "TesExportImport", "TesExportImport\TesExportImport.csproj", "{18178BEB-AC0C-4FAE-B9AB-3753FCFAAD92}"
EndProject
Global
	GlobalSection(SolutionConfigurationPlatforms) = preSolution
		Debug|Any CPU = Debug|Any CPU
		Release|Any CPU = Release|Any CPU
	EndGlobalSection
	GlobalSection(ProjectConfigurationPlatforms) = postSolution
		{18178BEB-AC0C-4FAE-B9AB-3753FCFAAD92}.Debug|Any CPU.ActiveCfg = Debug|Any CPU
		{18178BEB-AC0C-4FAE-B9AB-3753FCFAAD92}.Debug|Any CPU.Build.0 = Debug|Any CPU
		{18178BEB-AC0C-4FAE-B9AB-3753FCFAAD92}.Release|Any CPU.ActiveCfg = Release|Any CPU
		{18178BEB-AC0C-4FAE-B9AB-3753FCFAAD92}.Release|Any CPU.Build.0 = Release|Any CPU
	EndGlobalSection
	GlobalSection(SolutionProperties) = preSolution
		HideSolutionNode = FALSE
	EndGlobalSection
	GlobalSection(ExtensibilityGlobals) = postSolution
		SolutionGuid = {3E3260AB-4FE3-4AF7-B197-AA841622E706}
	EndGlobalSection
EndGlobal
